
Microsoft Visual Studio Solution File, Format Version 12.00
# Visual Studio Version 17
VisualStudioVersion = 17.8.34330.188
MinimumVisualStudioVersion = 10.0.40219.1
Project("{FAE04EC0-301F-11D3-BF4B-00C04F79EFBC}") = "EmployeeAdministration", "EmployeeAdministration.csproj", "{DC5A16DE-842A-4F9C-869D-FFD631E95327}"
EndProject
Global
	GlobalSection(SolutionConfigurationPlatforms) = preSolution
		Debug|Any CPU = Debug|Any CPU
		Release|Any CPU = Release|Any CPU
	EndGlobalSection
	GlobalSection(ProjectConfigurationPlatforms) = postSolution
		{DC5A16DE-842A-4F9C-869D-FFD631E95327}.Debug|Any CPU.ActiveCfg = Debug|Any CPU
		{DC5A16DE-842A-4F9C-869D-FFD631E95327}.Debug|Any CPU.Build.0 = Debug|Any CPU
		{DC5A16DE-842A-4F9C-869D-FFD631E95327}.Release|Any CPU.ActiveCfg = Release|Any CPU
		{DC5A16DE-842A-4F9C-869D-FFD631E95327}.Release|Any CPU.Build.0 = Release|Any CPU
	EndGlobalSection
	GlobalSection(SolutionProperties) = preSolution
		HideSolutionNode = FALSE
	EndGlobalSection
	GlobalSection(ExtensibilityGlobals) = postSolution
		SolutionGuid = {A9C650A6-376A-482E-B0CA-DE853B5EB047}
	EndGlobalSection
EndGlobal
